# This file is automatically @generated by Poetry 1.8.2 and should not be changed by hand.

[[package]]
name = "asgiref"
version = "3.8.1"
description = "ASGI specs, helper code, and adapters"
optional = false
python-versions = ">=3.8"
files = [
    {file = "asgiref-3.8.1-py3-none-any.whl", hash = "sha256:3e1e3ecc849832fe52ccf2cb6686b7a55f82bb1d6aee72a58826471390335e47"},
    {file = "asgiref-3.8.1.tar.gz", hash = "sha256:c343bd80a0bec947a9860adb4c432ffa7db769836c64238fc34bdc3fec84d590"},
]

[package.extras]
tests = ["mypy (>=0.800)", "pytest", "pytest-asyncio"]

[[package]]
name = "bcrypt"
version = "4.1.3"
description = "Modern password hashing for your software and your servers"
optional = false
python-versions = ">=3.7"
files = [
    {file = "bcrypt-4.1.3-cp37-abi3-macosx_10_12_universal2.whl", hash = "sha256:48429c83292b57bf4af6ab75809f8f4daf52aa5d480632e53707805cc1ce9b74"},
    {file = "bcrypt-4.1.3-cp37-abi3-manylinux_2_17_aarch64.manylinux2014_aarch64.whl", hash = "sha256:4a8bea4c152b91fd8319fef4c6a790da5c07840421c2b785084989bf8bbb7455"},
    {file = "bcrypt-4.1.3-cp37-abi3-manylinux_2_17_x86_64.manylinux2014_x86_64.whl", hash = "sha256:3d3b317050a9a711a5c7214bf04e28333cf528e0ed0ec9a4e55ba628d0f07c1a"},
    {file = "bcrypt-4.1.3-cp37-abi3-manylinux_2_28_aarch64.whl", hash = "sha256:094fd31e08c2b102a14880ee5b3d09913ecf334cd604af27e1013c76831f7b05"},
    {file = "bcrypt-4.1.3-cp37-abi3-manylinux_2_28_x86_64.whl", hash = "sha256:4fb253d65da30d9269e0a6f4b0de32bd657a0208a6f4e43d3e645774fb5457f3"},
    {file = "bcrypt-4.1.3-cp37-abi3-musllinux_1_1_aarch64.whl", hash = "sha256:193bb49eeeb9c1e2db9ba65d09dc6384edd5608d9d672b4125e9320af9153a15"},
    {file = "bcrypt-4.1.3-cp37-abi3-musllinux_1_1_x86_64.whl", hash = "sha256:8cbb119267068c2581ae38790e0d1fbae65d0725247a930fc9900c285d95725d"},
    {file = "bcrypt-4.1.3-cp37-abi3-musllinux_1_2_aarch64.whl", hash = "sha256:6cac78a8d42f9d120b3987f82252bdbeb7e6e900a5e1ba37f6be6fe4e3848286"},
    {file = "bcrypt-4.1.3-cp37-abi3-musllinux_1_2_x86_64.whl", hash = "sha256:01746eb2c4299dd0ae1670234bf77704f581dd72cc180f444bfe74eb80495b64"},
    {file = "bcrypt-4.1.3-cp37-abi3-win32.whl", hash = "sha256:037c5bf7c196a63dcce75545c8874610c600809d5d82c305dd327cd4969995bf"},
    {file = "bcrypt-4.1.3-cp37-abi3-win_amd64.whl", hash = "sha256:8a893d192dfb7c8e883c4576813bf18bb9d59e2cfd88b68b725990f033f1b978"},
    {file = "bcrypt-4.1.3-cp39-abi3-macosx_10_12_universal2.whl", hash = "sha256:0d4cf6ef1525f79255ef048b3489602868c47aea61f375377f0d00514fe4a78c"},
    {file = "bcrypt-4.1.3-cp39-abi3-manylinux_2_17_aarch64.manylinux2014_aarch64.whl", hash = "sha256:f5698ce5292a4e4b9e5861f7e53b1d89242ad39d54c3da451a93cac17b61921a"},
    {file = "bcrypt-4.1.3-cp39-abi3-manylinux_2_17_x86_64.manylinux2014_x86_64.whl", hash = "sha256:ec3c2e1ca3e5c4b9edb94290b356d082b721f3f50758bce7cce11d8a7c89ce84"},
    {file = "bcrypt-4.1.3-cp39-abi3-manylinux_2_28_aarch64.whl", hash = "sha256:3a5be252fef513363fe281bafc596c31b552cf81d04c5085bc5dac29670faa08"},
    {file = "bcrypt-4.1.3-cp39-abi3-manylinux_2_28_x86_64.whl", hash = "sha256:5f7cd3399fbc4ec290378b541b0cf3d4398e4737a65d0f938c7c0f9d5e686611"},
    {file = "bcrypt-4.1.3-cp39-abi3-musllinux_1_1_aarch64.whl", hash = "sha256:c4c8d9b3e97209dd7111bf726e79f638ad9224b4691d1c7cfefa571a09b1b2d6"},
    {file = "bcrypt-4.1.3-cp39-abi3-musllinux_1_1_x86_64.whl", hash = "sha256:31adb9cbb8737a581a843e13df22ffb7c84638342de3708a98d5c986770f2834"},
    {file = "bcrypt-4.1.3-cp39-abi3-musllinux_1_2_aarch64.whl", hash = "sha256:551b320396e1d05e49cc18dd77d970accd52b322441628aca04801bbd1d52a73"},
    {file = "bcrypt-4.1.3-cp39-abi3-musllinux_1_2_x86_64.whl", hash = "sha256:6717543d2c110a155e6821ce5670c1f512f602eabb77dba95717ca76af79867d"},
    {file = "bcrypt-4.1.3-cp39-abi3-win32.whl", hash = "sha256:6004f5229b50f8493c49232b8e75726b568535fd300e5039e255d919fc3a07f2"},
    {file = "bcrypt-4.1.3-cp39-abi3-win_amd64.whl", hash = "sha256:2505b54afb074627111b5a8dc9b6ae69d0f01fea65c2fcaea403448c503d3991"},
    {file = "bcrypt-4.1.3-pp310-pypy310_pp73-manylinux_2_28_aarch64.whl", hash = "sha256:cb9c707c10bddaf9e5ba7cdb769f3e889e60b7d4fea22834b261f51ca2b89fed"},
    {file = "bcrypt-4.1.3-pp310-pypy310_pp73-manylinux_2_28_x86_64.whl", hash = "sha256:9f8ea645eb94fb6e7bea0cf4ba121c07a3a182ac52876493870033141aa687bc"},
    {file = "bcrypt-4.1.3-pp39-pypy39_pp73-manylinux_2_28_aarch64.whl", hash = "sha256:f44a97780677e7ac0ca393bd7982b19dbbd8d7228c1afe10b128fd9550eef5f1"},
    {file = "bcrypt-4.1.3-pp39-pypy39_pp73-manylinux_2_28_x86_64.whl", hash = "sha256:d84702adb8f2798d813b17d8187d27076cca3cd52fe3686bb07a9083930ce650"},
    {file = "bcrypt-4.1.3.tar.gz", hash = "sha256:2ee15dd749f5952fe3f0430d0ff6b74082e159c50332a1413d51b5689cf06623"},
]

[package.extras]
tests = ["pytest (>=3.2.1,!=3.3.0)"]
typecheck = ["mypy"]

[[package]]
name = "django"
version = "5.0.6"
description = "A high-level Python web framework that encourages rapid development and clean, pragmatic design."
optional = false
python-versions = ">=3.10"
files = [
    {file = "Django-5.0.6-py3-none-any.whl", hash = "sha256:8363ac062bb4ef7c3f12d078f6fa5d154031d129a15170a1066412af49d30905"},
    {file = "Django-5.0.6.tar.gz", hash = "sha256:ff1b61005004e476e0aeea47c7f79b85864c70124030e95146315396f1e7951f"},
]

[package.dependencies]
asgiref = ">=3.7.0,<4"
sqlparse = ">=0.3.1"
tzdata = {version = "*", markers = "sys_platform == \"win32\""}

[package.extras]
argon2 = ["argon2-cffi (>=19.1.0)"]
bcrypt = ["bcrypt"]

[[package]]
name = "djangorestframework"
version = "3.15.1"
description = "Web APIs for Django, made easy."
optional = false
python-versions = ">=3.6"
files = [
    {file = "djangorestframework-3.15.1-py3-none-any.whl", hash = "sha256:3ccc0475bce968608cf30d07fb17d8e52d1d7fc8bfe779c905463200750cbca6"},
    {file = "djangorestframework-3.15.1.tar.gz", hash = "sha256:f88fad74183dfc7144b2756d0d2ac716ea5b4c7c9840995ac3bfd8ec034333c1"},
]

[package.dependencies]
django = ">=3.0"

[[package]]
name = "psycopg2"
version = "2.9.9"
description = "psycopg2 - Python-PostgreSQL Database Adapter"
optional = false
python-versions = ">=3.7"
files = [
    {file = "psycopg2-2.9.9-cp310-cp310-win32.whl", hash = "sha256:38a8dcc6856f569068b47de286b472b7c473ac7977243593a288ebce0dc89516"},
    {file = "psycopg2-2.9.9-cp310-cp310-win_amd64.whl", hash = "sha256:426f9f29bde126913a20a96ff8ce7d73fd8a216cfb323b1f04da402d452853c3"},
    {file = "psycopg2-2.9.9-cp311-cp311-win32.whl", hash = "sha256:ade01303ccf7ae12c356a5e10911c9e1c51136003a9a1d92f7aa9d010fb98372"},
    {file = "psycopg2-2.9.9-cp311-cp311-win_amd64.whl", hash = "sha256:121081ea2e76729acfb0673ff33755e8703d45e926e416cb59bae3a86c6a4981"},
    {file = "psycopg2-2.9.9-cp312-cp312-win32.whl", hash = "sha256:d735786acc7dd25815e89cc4ad529a43af779db2e25aa7c626de864127e5a024"},
    {file = "psycopg2-2.9.9-cp312-cp312-win_amd64.whl", hash = "sha256:a7653d00b732afb6fc597e29c50ad28087dcb4fbfb28e86092277a559ae4e693"},
    {file = "psycopg2-2.9.9-cp37-cp37m-win32.whl", hash = "sha256:5e0d98cade4f0e0304d7d6f25bbfbc5bd186e07b38eac65379309c4ca3193efa"},
    {file = "psycopg2-2.9.9-cp37-cp37m-win_amd64.whl", hash = "sha256:7e2dacf8b009a1c1e843b5213a87f7c544b2b042476ed7755be813eaf4e8347a"},
    {file = "psycopg2-2.9.9-cp38-cp38-win32.whl", hash = "sha256:ff432630e510709564c01dafdbe996cb552e0b9f3f065eb89bdce5bd31fabf4c"},
    {file = "psycopg2-2.9.9-cp38-cp38-win_amd64.whl", hash = "sha256:bac58c024c9922c23550af2a581998624d6e02350f4ae9c5f0bc642c633a2d5e"},
    {file = "psycopg2-2.9.9-cp39-cp39-win32.whl", hash = "sha256:c92811b2d4c9b6ea0285942b2e7cac98a59e166d59c588fe5cfe1eda58e72d59"},
    {file = "psycopg2-2.9.9-cp39-cp39-win_amd64.whl", hash = "sha256:de80739447af31525feddeb8effd640782cf5998e1a4e9192ebdf829717e3913"},
    {file = "psycopg2-2.9.9.tar.gz", hash = "sha256:d1454bde93fb1e224166811694d600e746430c006fbb031ea06ecc2ea41bf156"},
]

[[package]]
name = "python-decouple"
version = "3.8"
description = "Strict separation of settings from code."
optional = false
python-versions = "*"
files = [
    {file = "python-decouple-3.8.tar.gz", hash = "sha256:ba6e2657d4f376ecc46f77a3a615e058d93ba5e465c01bbe57289bfb7cce680f"},
    {file = "python_decouple-3.8-py3-none-any.whl", hash = "sha256:d0d45340815b25f4de59c974b855bb38d03151d81b037d9e3f463b0c9f8cbd66"},
]

[[package]]
name = "ruff"
version = "0.4.7"
description = "An extremely fast Python linter and code formatter, written in Rust."
optional = false
python-versions = ">=3.7"
files = [
    {file = "ruff-0.4.7-py3-none-macosx_10_12_x86_64.whl", hash = "sha256:e089371c67892a73b6bb1525608e89a2aca1b77b5440acf7a71dda5dac958f9e"},
    {file = "ruff-0.4.7-py3-none-macosx_11_0_arm64.whl", hash = "sha256:10f973d521d910e5f9c72ab27e409e839089f955be8a4c8826601a6323a89753"},
    {file = "ruff-0.4.7-py3-none-manylinux_2_17_aarch64.manylinux2014_aarch64.whl", hash = "sha256:59c3d110970001dfa494bcd95478e62286c751126dfb15c3c46e7915fc49694f"},
    {file = "ruff-0.4.7-py3-none-manylinux_2_17_armv7l.manylinux2014_armv7l.whl", hash = "sha256:fa9773c6c00f4958f73b317bc0fd125295110c3776089f6ef318f4b775f0abe4"},
    {file = "ruff-0.4.7-py3-none-manylinux_2_17_i686.manylinux2014_i686.whl", hash = "sha256:07fc80bbb61e42b3b23b10fda6a2a0f5a067f810180a3760c5ef1b456c21b9db"},
    {file = "ruff-0.4.7-py3-none-manylinux_2_17_ppc64.manylinux2014_ppc64.whl", hash = "sha256:fa4dafe3fe66d90e2e2b63fa1591dd6e3f090ca2128daa0be33db894e6c18648"},
    {file = "ruff-0.4.7-py3-none-manylinux_2_17_ppc64le.manylinux2014_ppc64le.whl", hash = "sha256:a7c0083febdec17571455903b184a10026603a1de078428ba155e7ce9358c5f6"},
    {file = "ruff-0.4.7-py3-none-manylinux_2_17_s390x.manylinux2014_s390x.whl", hash = "sha256:ad1b20e66a44057c326168437d680a2166c177c939346b19c0d6b08a62a37589"},
    {file = "ruff-0.4.7-py3-none-manylinux_2_17_x86_64.manylinux2014_x86_64.whl", hash = "sha256:cbf5d818553add7511c38b05532d94a407f499d1a76ebb0cad0374e32bc67202"},
    {file = "ruff-0.4.7-py3-none-musllinux_1_2_aarch64.whl", hash = "sha256:50e9651578b629baec3d1513b2534de0ac7ed7753e1382272b8d609997e27e83"},
    {file = "ruff-0.4.7-py3-none-musllinux_1_2_armv7l.whl", hash = "sha256:8874a9df7766cb956b218a0a239e0a5d23d9e843e4da1e113ae1d27ee420877a"},
    {file = "ruff-0.4.7-py3-none-musllinux_1_2_i686.whl", hash = "sha256:b9de9a6e49f7d529decd09381c0860c3f82fa0b0ea00ea78409b785d2308a567"},
    {file = "ruff-0.4.7-py3-none-musllinux_1_2_x86_64.whl", hash = "sha256:13a1768b0691619822ae6d446132dbdfd568b700ecd3652b20d4e8bc1e498f78"},
    {file = "ruff-0.4.7-py3-none-win32.whl", hash = "sha256:769e5a51df61e07e887b81e6f039e7ed3573316ab7dd9f635c5afaa310e4030e"},
    {file = "ruff-0.4.7-py3-none-win_amd64.whl", hash = "sha256:9e3ab684ad403a9ed1226894c32c3ab9c2e0718440f6f50c7c5829932bc9e054"},
    {file = "ruff-0.4.7-py3-none-win_arm64.whl", hash = "sha256:10f2204b9a613988e3484194c2c9e96a22079206b22b787605c255f130db5ed7"},
    {file = "ruff-0.4.7.tar.gz", hash = "sha256:2331d2b051dc77a289a653fcc6a42cce357087c5975738157cd966590b18b5e1"},
]

[[package]]
name = "sqlparse"
version = "0.5.0"
description = "A non-validating SQL parser."
optional = false
python-versions = ">=3.8"
files = [
    {file = "sqlparse-0.5.0-py3-none-any.whl", hash = "sha256:c204494cd97479d0e39f28c93d46c0b2d5959c7b9ab904762ea6c7af211c8663"},
    {file = "sqlparse-0.5.0.tar.gz", hash = "sha256:714d0a4932c059d16189f58ef5411ec2287a4360f17cdd0edd2d09d4c5087c93"},
]

[package.extras]
dev = ["build", "hatch"]
doc = ["sphinx"]

[[package]]
name = "tzdata"
version = "2024.1"
description = "Provider of IANA time zone data"
optional = false
python-versions = ">=2"
files = [
    {file = "tzdata-2024.1-py2.py3-none-any.whl", hash = "sha256:9068bc196136463f5245e51efda838afa15aaeca9903f49050dfa2679db4d252"},
    {file = "tzdata-2024.1.tar.gz", hash = "sha256:2674120f8d891909751c38abcdfd386ac0a5a1127954fbc332af6b5ceae07efd"},
]

[metadata]
lock-version = "2.0"
python-versions = "^3.12"
content-hash = "e53f52a57070c5d60734ccc1b303b7765748c8116532b73e5743554b79b99888"
